
Microsoft Visual Studio Solution File, Format Version 12.00
# Visual Studio Version 17
VisualStudioVersion = 17.4.33213.308
MinimumVisualStudioVersion = 10.0.40219.1
Project("{FAE04EC0-301F-11D3-BF4B-00C04F79EFBC}") = "NokiaSimulation", "NokiaSimulation\NokiaSimulation.csproj", "{17550EEE-99D2-4F00-9768-0016B5052FE7}"
EndProject
Global
	GlobalSection(SolutionConfigurationPlatforms) = preSolution
		Debug|Any CPU = Debug|Any CPU
		Release|Any CPU = Release|Any CPU
	EndGlobalSection
	GlobalSection(ProjectConfigurationPlatforms) = postSolution
		{17550EEE-99D2-4F00-9768-0016B5052FE7}.Debug|Any CPU.ActiveCfg = Debug|Any CPU
		{17550EEE-99D2-4F00-9768-0016B5052FE7}.Debug|Any CPU.Build.0 = Debug|Any CPU
		{17550EEE-99D2-4F00-9768-0016B5052FE7}.Release|Any CPU.ActiveCfg = Release|Any CPU
		{17550EEE-99D2-4F00-9768-0016B5052FE7}.Release|Any CPU.Build.0 = Release|Any CPU
	EndGlobalSection
	GlobalSection(SolutionProperties) = preSolution
		HideSolutionNode = FALSE
	EndGlobalSection
	GlobalSection(ExtensibilityGlobals) = postSolution
		SolutionGuid = {D6DD393C-8922-4083-814E-960919A54A1A}
	EndGlobalSection
EndGlobal
